
Microsoft Visual Studio Solution File, Format Version 12.00
# Visual Studio Version 17
VisualStudioVersion = 17.1.32210.238
MinimumVisualStudioVersion = 10.0.40219.1
Project("{FAE04EC0-301F-11D3-BF4B-00C04F79EFBC}") = "Desafio_status_pedido", "Desafio_status_pedido.csproj", "{DA110214-3E37-452A-AF67-1CB358C879AD}"
EndProject
Global
	GlobalSection(SolutionConfigurationPlatforms) = preSolution
		Debug|Any CPU = Debug|Any CPU
		Release|Any CPU = Release|Any CPU
	EndGlobalSection
	GlobalSection(ProjectConfigurationPlatforms) = postSolution
		{DA110214-3E37-452A-AF67-1CB358C879AD}.Debug|Any CPU.ActiveCfg = Debug|Any CPU
		{DA110214-3E37-452A-AF67-1CB358C879AD}.Debug|Any CPU.Build.0 = Debug|Any CPU
		{DA110214-3E37-452A-AF67-1CB358C879AD}.Release|Any CPU.ActiveCfg = Release|Any CPU
		{DA110214-3E37-452A-AF67-1CB358C879AD}.Release|Any CPU.Build.0 = Release|Any CPU
	EndGlobalSection
	GlobalSection(SolutionProperties) = preSolution
		HideSolutionNode = FALSE
	EndGlobalSection
	GlobalSection(ExtensibilityGlobals) = postSolution
		SolutionGuid = {05740462-E1DC-4C63-84E2-24CE732E64DB}
	EndGlobalSection
EndGlobal
